// !$*UTF8*$!
{
	archiveVersion = 1;
	classes = {
	};
	objectVersion = 56;
	objects = {

/* Begin PBXBuildFile section */
		A2646F6F2B01B3F100BA0BC5 /* ScrumdingerApp.swift in Sources */ = {isa = PBXBuildFile; fileRef = A2646F6E2B01B3F100BA0BC5 /* ScrumdingerApp.swift */; };
		A2646F712B01B3F100BA0BC5 /* MeetingView.swift in Sources */ = {isa = PBXBuildFile; fileRef = A2646F702B01B3F100BA0BC5 /* MeetingView.swift */; };
		A2646F732B01B3F300BA0BC5 /* Assets.xcassets in Resources */ = {isa = PBXBuildFile; fileRef = A2646F722B01B3F300BA0BC5 /* Assets.xcassets */; };
		A2646F762B01B3F300BA0BC5 /* Preview Assets.xcassets in Resources */ = {isa = PBXBuildFile; fileRef = A2646F752B01B3F300BA0BC5 /* Preview Assets.xcassets */; };
		A2646F7E2B02687100BA0BC5 /* Theme.swift in Sources */ = {isa = PBXBuildFile; fileRef = A2646F7D2B02687100BA0BC5 /* Theme.swift */; };
		A2646F802B02749F00BA0BC5 /* DailyScrum.swift in Sources */ = {isa = PBXBuildFile; fileRef = A2646F7F2B02749F00BA0BC5 /* DailyScrum.swift */; };
		A2646F822B02822100BA0BC5 /* CardView.swift in Sources */ = {isa = PBXBuildFile; fileRef = A2646F812B02822100BA0BC5 /* CardView.swift */; };
		A2646F842B02985700BA0BC5 /* TrailingIconLabelStyle.swift in Sources */ = {isa = PBXBuildFile; fileRef = A2646F832B02985700BA0BC5 /* TrailingIconLabelStyle.swift */; };
		A2646F862B031AE400BA0BC5 /* ScrumsView.swift in Sources */ = {isa = PBXBuildFile; fileRef = A2646F852B031AE400BA0BC5 /* ScrumsView.swift */; };
		A2646F882B046EC000BA0BC5 /* DetailView.swift in Sources */ = {isa = PBXBuildFile; fileRef = A2646F872B046EC000BA0BC5 /* DetailView.swift */; };
		A27B10D62B177A9E00E0712C /* ErrorWrapper.swift in Sources */ = {isa = PBXBuildFile; fileRef = A27B10D52B177A9E00E0712C /* ErrorWrapper.swift */; };
		A27B10D82B177BB700E0712C /* ErrorView.swift in Sources */ = {isa = PBXBuildFile; fileRef = A27B10D72B177BB700E0712C /* ErrorView.swift */; };
		A27DDB282B0EF1C3008535FF /* ScrumProgressViewStyle.swift in Sources */ = {isa = PBXBuildFile; fileRef = A27DDB272B0EF1C3008535FF /* ScrumProgressViewStyle.swift */; };
		A27DDB2A2B0EF9C2008535FF /* ScrumTimer.swift in Sources */ = {isa = PBXBuildFile; fileRef = A27DDB292B0EF9C2008535FF /* ScrumTimer.swift */; };
		A27DDB2C2B0EFEED008535FF /* MeetingFooterView.swift in Sources */ = {isa = PBXBuildFile; fileRef = A27DDB2B2B0EFEED008535FF /* MeetingFooterView.swift */; };
		A27DDB2E2B10E0C2008535FF /* AVPlayer+Ding.swift in Sources */ = {isa = PBXBuildFile; fileRef = A27DDB2D2B10E0C2008535FF /* AVPlayer+Ding.swift */; };
		A27DDB302B118297008535FF /* NewScrumSheet.swift in Sources */ = {isa = PBXBuildFile; fileRef = A27DDB2F2B118297008535FF /* NewScrumSheet.swift */; };
		A27DDB322B124D55008535FF /* History.swift in Sources */ = {isa = PBXBuildFile; fileRef = A27DDB312B124D55008535FF /* History.swift */; };
		A27DDB342B14DBB6008535FF /* ScrumStore.swift in Sources */ = {isa = PBXBuildFile; fileRef = A27DDB332B14DBB6008535FF /* ScrumStore.swift */; };
		A28468612B050AD90026FA2A /* DetailEditView.swift in Sources */ = {isa = PBXBuildFile; fileRef = A28468602B050AD90026FA2A /* DetailEditView.swift */; };
		A2BD609B2B07B09A00A1670D /* ThemeView.swift in Sources */ = {isa = PBXBuildFile; fileRef = A2BD609A2B07B09A00A1670D /* ThemeView.swift */; };
		A2BD609D2B07BA7700A1670D /* ThemePicker.swift in Sources */ = {isa = PBXBuildFile; fileRef = A2BD609C2B07BA7700A1670D /* ThemePicker.swift */; };
		A2BD60A82B0CF33C00A1670D /* MeetingHeaderView.swift in Sources */ = {isa = PBXBuildFile; fileRef = A2BD60A72B0CF33C00A1670D /* MeetingHeaderView.swift */; };
/* End PBXBuildFile section */

/* Begin PBXFileReference section */
		A2646F6B2B01B3F100BA0BC5 /* Scrumdinger.app */ = {isa = PBXFileReference; explicitFileType = wrapper.application; includeInIndex = 0; path = Scrumdinger.app; sourceTree = BUILT_PRODUCTS_DIR; };
		A2646F6E2B01B3F100BA0BC5 /* ScrumdingerApp.swift */ = {isa = PBXFileReference; lastKnownFileType = sourcecode.swift; path = ScrumdingerApp.swift; sourceTree = "<group>"; };
		A2646F702B01B3F100BA0BC5 /* MeetingView.swift */ = {isa = PBXFileReference; lastKnownFileType = sourcecode.swift; path = MeetingView.swift; sourceTree = "<group>"; };
		A2646F722B01B3F300BA0BC5 /* Assets.xcassets */ = {isa = PBXFileReference; lastKnownFileType = folder.assetcatalog; path = Assets.xcassets; sourceTree = "<group>"; };
		A2646F752B01B3F300BA0BC5 /* Preview Assets.xcassets */ = {isa = PBXFileReference; lastKnownFileType = folder.assetcatalog; path = "Preview Assets.xcassets"; sourceTree = "<group>"; };
		A2646F7D2B02687100BA0BC5 /* Theme.swift */ = {isa = PBXFileReference; lastKnownFileType = sourcecode.swift; path = Theme.swift; sourceTree = "<group>"; };
		A2646F7F2B02749F00BA0BC5 /* DailyScrum.swift */ = {isa = PBXFileReference; lastKnownFileType = sourcecode.swift; path = DailyScrum.swift; sourceTree = "<group>"; };
		A2646F812B02822100BA0BC5 /* CardView.swift */ = {isa = PBXFileReference; lastKnownFileType = sourcecode.swift; path = CardView.swift; sourceTree = "<group>"; };
		A2646F832B02985700BA0BC5 /* TrailingIconLabelStyle.swift */ = {isa = PBXFileReference; lastKnownFileType = sourcecode.swift; path = TrailingIconLabelStyle.swift; sourceTree = "<group>"; };
		A2646F852B031AE400BA0BC5 /* ScrumsView.swift */ = {isa = PBXFileReference; lastKnownFileType = sourcecode.swift; path = ScrumsView.swift; sourceTree = "<group>"; };
		A2646F872B046EC000BA0BC5 /* DetailView.swift */ = {isa = PBXFileReference; lastKnownFileType = sourcecode.swift; path = DetailView.swift; sourceTree = "<group>"; };
		A27B10D52B177A9E00E0712C /* ErrorWrapper.swift */ = {isa = PBXFileReference; lastKnownFileType = sourcecode.swift; path = ErrorWrapper.swift; sourceTree = "<group>"; };
		A27B10D72B177BB700E0712C /* ErrorView.swift */ = {isa = PBXFileReference; lastKnownFileType = sourcecode.swift; path = ErrorView.swift; sourceTree = "<group>"; };
		A27DDB272B0EF1C3008535FF /* ScrumProgressViewStyle.swift */ = {isa = PBXFileReference; lastKnownFileType = sourcecode.swift; path = ScrumProgressViewStyle.swift; sourceTree = "<group>"; };
		A27DDB292B0EF9C2008535FF /* ScrumTimer.swift */ = {isa = PBXFileReference; lastKnownFileType = sourcecode.swift; path = ScrumTimer.swift; sourceTree = "<group>"; };
		A27DDB2B2B0EFEED008535FF /* MeetingFooterView.swift */ = {isa = PBXFileReference; lastKnownFileType = sourcecode.swift; path = MeetingFooterView.swift; sourceTree = "<group>"; };
		A27DDB2D2B10E0C2008535FF /* AVPlayer+Ding.swift */ = {isa = PBXFileReference; lastKnownFileType = sourcecode.swift; path = "AVPlayer+Ding.swift"; sourceTree = "<group>"; };
		A27DDB2F2B118297008535FF /* NewScrumSheet.swift */ = {isa = PBXFileReference; lastKnownFileType = sourcecode.swift; path = NewScrumSheet.swift; sourceTree = "<group>"; };
		A27DDB312B124D55008535FF /* History.swift */ = {isa = PBXFileReference; lastKnownFileType = sourcecode.swift; path = History.swift; sourceTree = "<group>"; };
		A27DDB332B14DBB6008535FF /* ScrumStore.swift */ = {isa = PBXFileReference; lastKnownFileType = sourcecode.swift; path = ScrumStore.swift; sourceTree = "<group>"; };
		A28468602B050AD90026FA2A /* DetailEditView.swift */ = {isa = PBXFileReference; lastKnownFileType = sourcecode.swift; path = DetailEditView.swift; sourceTree = "<group>"; };
		A2BD609A2B07B09A00A1670D /* ThemeView.swift */ = {isa = PBXFileReference; lastKnownFileType = sourcecode.swift; path = ThemeView.swift; sourceTree = "<group>"; };
		A2BD609C2B07BA7700A1670D /* ThemePicker.swift */ = {isa = PBXFileReference; lastKnownFileType = sourcecode.swift; path = ThemePicker.swift; sourceTree = "<group>"; };
		A2BD60A72B0CF33C00A1670D /* MeetingHeaderView.swift */ = {isa = PBXFileReference; lastKnownFileType = sourcecode.swift; path = MeetingHeaderView.swift; sourceTree = "<group>"; };
/* End PBXFileReference section */

/* Begin PBXFrameworksBuildPhase section */
		A2646F682B01B3F100BA0BC5 /* Frameworks */ = {
			isa = PBXFrameworksBuildPhase;
			buildActionMask = 2147483647;
			files = (
			);
			runOnlyForDeploymentPostprocessing = 0;
		};
/* End PBXFrameworksBuildPhase section */

/* Begin PBXGroup section */
		A2646F622B01B3F100BA0BC5 = {
			isa = PBXGroup;
			children = (
				A2646F6D2B01B3F100BA0BC5 /* Scrumdinger */,
				A2646F6C2B01B3F100BA0BC5 /* Products */,
			);
			sourceTree = "<group>";
		};
		A2646F6C2B01B3F100BA0BC5 /* Products */ = {
			isa = PBXGroup;
			children = (
				A2646F6B2B01B3F100BA0BC5 /* Scrumdinger.app */,
			);
			name = Products;
			sourceTree = "<group>";
		};
		A2646F6D2B01B3F100BA0BC5 /* Scrumdinger */ = {
			isa = PBXGroup;
			children = (
				A2646F7C2B0266F400BA0BC5 /* Models */,
				A2BD609E2B07CD0B00A1670D /* Views */,
				A2646F832B02985700BA0BC5 /* TrailingIconLabelStyle.swift */,
				A2BD609C2B07BA7700A1670D /* ThemePicker.swift */,
				A2646F6E2B01B3F100BA0BC5 /* ScrumdingerApp.swift */,
				A2646F722B01B3F300BA0BC5 /* Assets.xcassets */,
				A2646F742B01B3F300BA0BC5 /* Preview Content */,
			);
			path = Scrumdinger;
			sourceTree = "<group>";
		};
		A2646F742B01B3F300BA0BC5 /* Preview Content */ = {
			isa = PBXGroup;
			children = (
				A2646F752B01B3F300BA0BC5 /* Preview Assets.xcassets */,
			);
			path = "Preview Content";
			sourceTree = "<group>";
		};
		A2646F7C2B0266F400BA0BC5 /* Models */ = {
			isa = PBXGroup;
			children = (
				A27DDB292B0EF9C2008535FF /* ScrumTimer.swift */,
				A2646F7D2B02687100BA0BC5 /* Theme.swift */,
				A2646F7F2B02749F00BA0BC5 /* DailyScrum.swift */,
				A27DDB2D2B10E0C2008535FF /* AVPlayer+Ding.swift */,
				A27DDB312B124D55008535FF /* History.swift */,
				A27DDB332B14DBB6008535FF /* ScrumStore.swift */,
				A27B10D52B177A9E00E0712C /* ErrorWrapper.swift */,
			);
			path = Models;
			sourceTree = "<group>";
		};
		A2BD609E2B07CD0B00A1670D /* Views */ = {
			isa = PBXGroup;
			children = (
				A2646F872B046EC000BA0BC5 /* DetailView.swift */,
				A2646F852B031AE400BA0BC5 /* ScrumsView.swift */,
				A28468602B050AD90026FA2A /* DetailEditView.swift */,
				A2646F812B02822100BA0BC5 /* CardView.swift */,
				A2646F702B01B3F100BA0BC5 /* MeetingView.swift */,
				A2BD609A2B07B09A00A1670D /* ThemeView.swift */,
				A2BD60A72B0CF33C00A1670D /* MeetingHeaderView.swift */,
				A27DDB272B0EF1C3008535FF /* ScrumProgressViewStyle.swift */,
				A27DDB2B2B0EFEED008535FF /* MeetingFooterView.swift */,
				A27DDB2F2B118297008535FF /* NewScrumSheet.swift */,
				A27B10D72B177BB700E0712C /* ErrorView.swift */,
			);
			path = Views;
			sourceTree = "<group>";
		};
/* End PBXGroup section */

/* Begin PBXNativeTarget section */
		A2646F6A2B01B3F100BA0BC5 /* Scrumdinger */ = {
			isa = PBXNativeTarget;
			buildConfigurationList = A2646F792B01B3F300BA0BC5 /* Build configuration list for PBXNativeTarget "Scrumdinger" */;
			buildPhases = (
				A2646F672B01B3F100BA0BC5 /* Sources */,
				A2646F682B01B3F100BA0BC5 /* Frameworks */,
				A2646F692B01B3F100BA0BC5 /* Resources */,
			);
			buildRules = (
			);
			dependencies = (
			);
			name = Scrumdinger;
			productName = Scrumdinger;
			productReference = A2646F6B2B01B3F100BA0BC5 /* Scrumdinger.app */;
			productType = "com.apple.product-type.application";
		};
/* End PBXNativeTarget section */

/* Begin PBXProject section */
		A2646F632B01B3F100BA0BC5 /* Project object */ = {
			isa = PBXProject;
			attributes = {
				BuildIndependentTargetsInParallel = 1;
				LastSwiftUpdateCheck = 1420;
				LastUpgradeCheck = 1420;
				TargetAttributes = {
					A2646F6A2B01B3F100BA0BC5 = {
						CreatedOnToolsVersion = 14.2;
					};
				};
			};
			buildConfigurationList = A2646F662B01B3F100BA0BC5 /* Build configuration list for PBXProject "Scrumdinger" */;
			compatibilityVersion = "Xcode 14.0";
			developmentRegion = en;
			hasScannedForEncodings = 0;
			knownRegions = (
				en,
				Base,
			);
			mainGroup = A2646F622B01B3F100BA0BC5;
			productRefGroup = A2646F6C2B01B3F100BA0BC5 /* Products */;
			projectDirPath = "";
			projectRoot = "";
			targets = (
				A2646F6A2B01B3F100BA0BC5 /* Scrumdinger */,
			);
		};
/* End PBXProject section */

/* Begin PBXResourcesBuildPhase section */
		A2646F692B01B3F100BA0BC5 /* Resources */ = {
			isa = PBXResourcesBuildPhase;
			buildActionMask = 2147483647;
			files = (
				A2646F762B01B3F300BA0BC5 /* Preview Assets.xcassets in Resources */,
				A2646F732B01B3F300BA0BC5 /* Assets.xcassets in Resources */,
			);
			runOnlyForDeploymentPostprocessing = 0;
		};
/* End PBXResourcesBuildPhase section */

/* Begin PBXSourcesBuildPhase section */
		A2646F672B01B3F100BA0BC5 /* Sources */ = {
			isa = PBXSourcesBuildPhase;
			buildActionMask = 2147483647;
			files = (
				A27DDB322B124D55008535FF /* History.swift in Sources */,
				A2BD609D2B07BA7700A1670D /* ThemePicker.swift in Sources */,
				A27DDB282B0EF1C3008535FF /* ScrumProgressViewStyle.swift in Sources */,
				A27DDB2C2B0EFEED008535FF /* MeetingFooterView.swift in Sources */,
				A27B10D82B177BB700E0712C /* ErrorView.swift in Sources */,
				A27DDB2A2B0EF9C2008535FF /* ScrumTimer.swift in Sources */,
				A2646F802B02749F00BA0BC5 /* DailyScrum.swift in Sources */,
				A27DDB342B14DBB6008535FF /* ScrumStore.swift in Sources */,
				A2646F882B046EC000BA0BC5 /* DetailView.swift in Sources */,
				A27B10D62B177A9E00E0712C /* ErrorWrapper.swift in Sources */,
				A2BD60A82B0CF33C00A1670D /* MeetingHeaderView.swift in Sources */,
				A28468612B050AD90026FA2A /* DetailEditView.swift in Sources */,
				A27DDB302B118297008535FF /* NewScrumSheet.swift in Sources */,
				A2646F842B02985700BA0BC5 /* TrailingIconLabelStyle.swift in Sources */,
				A2646F7E2B02687100BA0BC5 /* Theme.swift in Sources */,
				A2646F862B031AE400BA0BC5 /* ScrumsView.swift in Sources */,
				A2646F712B01B3F100BA0BC5 /* MeetingView.swift in Sources */,
				A2646F6F2B01B3F100BA0BC5 /* ScrumdingerApp.swift in Sources */,
				A2BD609B2B07B09A00A1670D /* ThemeView.swift in Sources */,
				A2646F822B02822100BA0BC5 /* CardView.swift in Sources */,
				A27DDB2E2B10E0C2008535FF /* AVPlayer+Ding.swift in Sources */,
			);
			runOnlyForDeploymentPostprocessing = 0;
		};
/* End PBXSourcesBuildPhase section */

/* Begin XCBuildConfiguration section */
		A2646F772B01B3F300BA0BC5 /* Debug */ = {
			isa = XCBuildConfiguration;
			buildSettings = {
				ALWAYS_SEARCH_USER_PATHS = NO;
				CLANG_ANALYZER_NONNULL = YES;
				CLANG_ANALYZER_NUMBER_OBJECT_CONVERSION = YES_AGGRESSIVE;
				CLANG_CXX_LANGUAGE_STANDARD = "gnu++20";
				CLANG_ENABLE_MODULES = YES;
				CLANG_ENABLE_OBJC_ARC = YES;
				CLANG_ENABLE_OBJC_WEAK = YES;
				CLANG_WARN_BLOCK_CAPTURE_AUTORELEASING = YES;
				CLANG_WARN_BOOL_CONVERSION = YES;
				CLANG_WARN_COMMA = YES;
				CLANG_WARN_CONSTANT_CONVERSION = YES;
				CLANG_WARN_DEPRECATED_OBJC_IMPLEMENTATIONS = YES;
				CLANG_WARN_DIRECT_OBJC_ISA_USAGE = YES_ERROR;
				CLANG_WARN_DOCUMENTATION_COMMENTS = YES;
				CLANG_WARN_EMPTY_BODY = YES;
				CLANG_WARN_ENUM_CONVERSION = YES;
				CLANG_WARN_INFINITE_RECURSION = YES;
				CLANG_WARN_INT_CONVERSION = YES;
				CLANG_WARN_NON_LITERAL_NULL_CONVERSION = YES;
				CLANG_WARN_OBJC_IMPLICIT_RETAIN_SELF = YES;
				CLANG_WARN_OBJC_LITERAL_CONVERSION = YES;
				CLANG_WARN_OBJC_ROOT_CLASS = YES_ERROR;
				CLANG_WARN_QUOTED_INCLUDE_IN_FRAMEWORK_HEADER = YES;
				CLANG_WARN_RANGE_LOOP_ANALYSIS = YES;
				CLANG_WARN_STRICT_PROTOTYPES = YES;
				CLANG_WARN_SUSPICIOUS_MOVE = YES;
				CLANG_WARN_UNGUARDED_AVAILABILITY = YES_AGGRESSIVE;
				CLANG_WARN_UNREACHABLE_CODE = YES;
				CLANG_WARN__DUPLICATE_METHOD_MATCH = YES;
				COPY_PHASE_STRIP = NO;
				DEBUG_INFORMATION_FORMAT = dwarf;
				ENABLE_APP_SANDBOX = YES;
				ENABLE_STRICT_OBJC_MSGSEND = YES;
				ENABLE_TESTABILITY = YES;
				GCC_C_LANGUAGE_STANDARD = gnu11;
				GCC_DYNAMIC_NO_PIC = NO;
				GCC_NO_COMMON_BLOCKS = YES;
				GCC_OPTIMIZATION_LEVEL = 0;
				GCC_PREPROCESSOR_DEFINITIONS = (
					"DEBUG=1",
					"$(inherited)",
				);
				GCC_WARN_64_TO_32_BIT_CONVERSION = YES;
				GCC_WARN_ABOUT_RETURN_TYPE = YES_ERROR;
				GCC_WARN_UNDECLARED_SELECTOR = YES;
				GCC_WARN_UNINITIALIZED_AUTOS = YES_AGGRESSIVE;
				GCC_WARN_UNUSED_FUNCTION = YES;
				GCC_WARN_UNUSED_VARIABLE = YES;
				IPHONEOS_DEPLOYMENT_TARGET = 16.2;
				MTL_ENABLE_DEBUG_INFO = INCLUDE_SOURCE;
				MTL_FAST_MATH = YES;
				ONLY_ACTIVE_ARCH = YES;
				SDKROOT = iphoneos;
				SWIFT_ACTIVE_COMPILATION_CONDITIONS = DEBUG;
				SWIFT_OPTIMIZATION_LEVEL = "-Onone";
			};
			name = Debug;
		};
		A2646F782B01B3F300BA0BC5 /* Release */ = {
			isa = XCBuildConfiguration;
			buildSettings = {
				ALWAYS_SEARCH_USER_PATHS = NO;
				CLANG_ANALYZER_NONNULL = YES;
				CLANG_ANALYZER_NUMBER_OBJECT_CONVERSION = YES_AGGRESSIVE;
				CLANG_CXX_LANGUAGE_STANDARD = "gnu++20";
				CLANG_ENABLE_MODULES = YES;
				CLANG_ENABLE_OBJC_ARC = YES;
				CLANG_ENABLE_OBJC_WEAK = YES;
				CLANG_WARN_BLOCK_CAPTURE_AUTORELEASING = YES;
				CLANG_WARN_BOOL_CONVERSION = YES;
				CLANG_WARN_COMMA = YES;
				CLANG_WARN_CONSTANT_CONVERSION = YES;
				CLANG_WARN_DEPRECATED_OBJC_IMPLEMENTATIONS = YES;
				CLANG_WARN_DIRECT_OBJC_ISA_USAGE = YES_ERROR;
				CLANG_WARN_DOCUMENTATION_COMMENTS = YES;
				CLANG_WARN_EMPTY_BODY = YES;
				CLANG_WARN_ENUM_CONVERSION = YES;
				CLANG_WARN_INFINITE_RECURSION = YES;
				CLANG_WARN_INT_CONVERSION = YES;
				CLANG_WARN_NON_LITERAL_NULL_CONVERSION = YES;
				CLANG_WARN_OBJC_IMPLICIT_RETAIN_SELF = YES;
				CLANG_WARN_OBJC_LITERAL_CONVERSION = YES;
				CLANG_WARN_OBJC_ROOT_CLASS = YES_ERROR;
				CLANG_WARN_QUOTED_INCLUDE_IN_FRAMEWORK_HEADER = YES;
				CLANG_WARN_RANGE_LOOP_ANALYSIS = YES;
				CLANG_WARN_STRICT_PROTOTYPES = YES;
				CLANG_WARN_SUSPICIOUS_MOVE = YES;
				CLANG_WARN_UNGUARDED_AVAILABILITY = YES_AGGRESSIVE;
				CLANG_WARN_UNREACHABLE_CODE = YES;
				CLANG_WARN__DUPLICATE_METHOD_MATCH = YES;
				COPY_PHASE_STRIP = NO;
				DEBUG_INFORMATION_FORMAT = "dwarf-with-dsym";
				ENABLE_APP_SANDBOX = YES;
				ENABLE_NS_ASSERTIONS = NO;
				ENABLE_STRICT_OBJC_MSGSEND = YES;
				GCC_C_LANGUAGE_STANDARD = gnu11;
				GCC_NO_COMMON_BLOCKS = YES;
				GCC_WARN_64_TO_32_BIT_CONVERSION = YES;
				GCC_WARN_ABOUT_RETURN_TYPE = YES_ERROR;
				GCC_WARN_UNDECLARED_SELECTOR = YES;
				GCC_WARN_UNINITIALIZED_AUTOS = YES_AGGRESSIVE;
				GCC_WARN_UNUSED_FUNCTION = YES;
				GCC_WARN_UNUSED_VARIABLE = YES;
				IPHONEOS_DEPLOYMENT_TARGET = 16.2;
				MTL_ENABLE_DEBUG_INFO = NO;
				MTL_FAST_MATH = YES;
				SDKROOT = iphoneos;
				SWIFT_COMPILATION_MODE = wholemodule;
				SWIFT_OPTIMIZATION_LEVEL = "-O";
				VALIDATE_PRODUCT = YES;
			};
			name = Release;
		};
		A2646F7A2B01B3F300BA0BC5 /* Debug */ = {
			isa = XCBuildConfiguration;
			buildSettings = {
				ASSETCATALOG_COMPILER_APPICON_NAME = AppIcon;
				ASSETCATALOG_COMPILER_GLOBAL_ACCENT_COLOR_NAME = AccentColor;
				CODE_SIGN_STYLE = Automatic;
				CURRENT_PROJECT_VERSION = 1;
				DEVELOPMENT_ASSET_PATHS = "\"Scrumdinger/Preview Content\"";
				DEVELOPMENT_TEAM = 3MSSWS6HT4;
				ENABLE_APP_SANDBOX = YES;
				ENABLE_PREVIEWS = YES;
				GENERATE_INFOPLIST_FILE = YES;
				INFOPLIST_KEY_UIApplicationSceneManifest_Generation = YES;
				INFOPLIST_KEY_UIApplicationSupportsIndirectInputEvents = YES;
				INFOPLIST_KEY_UILaunchScreen_Generation = YES;
				INFOPLIST_KEY_UISupportedInterfaceOrientations_iPad = "UIInterfaceOrientationPortrait UIInterfaceOrientationPortraitUpsideDown UIInterfaceOrientationLandscapeLeft UIInterfaceOrientationLandscapeRight";
				INFOPLIST_KEY_UISupportedInterfaceOrientations_iPhone = "UIInterfaceOrientationPortrait UIInterfaceOrientationLandscapeLeft UIInterfaceOrientationLandscapeRight";
				IPHONEOS_DEPLOYMENT_TARGET = 16.2;
				LD_RUNPATH_SEARCH_PATHS = (
					"$(inherited)",
					"@executable_path/Frameworks",
				);
				MARKETING_VERSION = 1.0;
				PRODUCT_BUNDLE_IDENTIFIER = com.BamProducts.Scrumdinger;
				PRODUCT_NAME = "$(TARGET_NAME)";
				SWIFT_EMIT_LOC_STRINGS = YES;
				SWIFT_VERSION = 5.0;
				TARGETED_DEVICE_FAMILY = "1,2";
			};
			name = Debug;
		};
		A2646F7B2B01B3F300BA0BC5 /* Release */ = {
			isa = XCBuildConfiguration;
			buildSettings = {
				ASSETCATALOG_COMPILER_APPICON_NAME = AppIcon;
				ASSETCATALOG_COMPILER_GLOBAL_ACCENT_COLOR_NAME = AccentColor;
				CODE_SIGN_STYLE = Automatic;
				CURRENT_PROJECT_VERSION = 1;
				DEVELOPMENT_ASSET_PATHS = "\"Scrumdinger/Preview Content\"";
				DEVELOPMENT_TEAM = 3MSSWS6HT4;
				ENABLE_APP_SANDBOX = YES;
				ENABLE_PREVIEWS = YES;
				GENERATE_INFOPLIST_FILE = YES;
				INFOPLIST_KEY_UIApplicationSceneManifest_Generation = YES;
				INFOPLIST_KEY_UIApplicationSupportsIndirectInputEvents = YES;
				INFOPLIST_KEY_UILaunchScreen_Generation = YES;
				INFOPLIST_KEY_UISupportedInterfaceOrientations_iPad = "UIInterfaceOrientationPortrait UIInterfaceOrientationPortraitUpsideDown UIInterfaceOrientationLandscapeLeft UIInterfaceOrientationLandscapeRight";
				INFOPLIST_KEY_UISupportedInterfaceOrientations_iPhone = "UIInterfaceOrientationPortrait UIInterfaceOrientationLandscapeLeft UIInterfaceOrientationLandscapeRight";
				IPHONEOS_DEPLOYMENT_TARGET = 16.2;
				LD_RUNPATH_SEARCH_PATHS = (
					"$(inherited)",
					"@executable_path/Frameworks",
				);
				MARKETING_VERSION = 1.0;
				PRODUCT_BUNDLE_IDENTIFIER = com.BamProducts.Scrumdinger;
				PRODUCT_NAME = "$(TARGET_NAME)";
				SWIFT_EMIT_LOC_STRINGS = YES;
				SWIFT_VERSION = 5.0;
				TARGETED_DEVICE_FAMILY = "1,2";
			};
			name = Release;
		};
/* End XCBuildConfiguration section */

/* Begin XCConfigurationList section */
		A2646F662B01B3F100BA0BC5 /* Build configuration list for PBXProject "Scrumdinger" */ = {
			isa = XCConfigurationList;
			buildConfigurations = (
				A2646F772B01B3F300BA0BC5 /* Debug */,
				A2646F782B01B3F300BA0BC5 /* Release */,
			);
			defaultConfigurationIsVisible = 0;
			defaultConfigurationName = Release;
		};
		A2646F792B01B3F300BA0BC5 /* Build configuration list for PBXNativeTarget "Scrumdinger" */ = {
			isa = XCConfigurationList;
			buildConfigurations = (
				A2646F7A2B01B3F300BA0BC5 /* Debug */,
				A2646F7B2B01B3F300BA0BC5 /* Release */,
			);
			defaultConfigurationIsVisible = 0;
			defaultConfigurationName = Release;
		};
/* End XCConfigurationList section */
	};
	rootObject = A2646F632B01B3F100BA0BC5 /* Project object */;
}
